# This file is automatically @generated by Cargo.
# It is not intended for manual editing.
version = 4

[[package]]
name = "app_engine"
version = "0.1.0"

[[package]]
name = "client_gui"
version = "0.1.0"

[[package]]
name = "core"
version = "0.1.0"

[[package]]
name = "network"
version = "0.1.0"

[[package]]
name = "persistance"
version = "0.1.0"
